
Microsoft Visual Studio Solution File, Format Version 12.00
# Visual Studio Version 18
VisualStudioVersion = 18.2.11415.280
MinimumVisualStudioVersion = 10.0.40219.1
Project("{FAE04EC0-301F-11D3-BF4B-00C04F79EFBC}") = "Code2Viz", "Code2Viz.csproj", "{1426BC82-C102-4512-97BD-945450820ADF}"
EndProject
Project("{2150E333-8FDC-42A3-9474-1A3956D46DE8}") = "Tests", "Tests", "{0AB3BF05-4346-4AA6-1389-037BE0695223}"
EndProject
Project("{FAE04EC0-301F-11D3-BF4B-00C04F79EFBC}") = "Code2Viz.Tests", "Tests\Code2Viz.Tests.csproj", "{018E6724-787F-4C08-8038-82921B9FB8FF}"
EndProject
Project("{2150E333-8FDC-42A3-9474-1A3956D46DE8}") = "McpBridge", "McpBridge", "{3861D467-8B36-2FFC-A326-58D9B70AD16E}"
EndProject
Project("{FAE04EC0-301F-11D3-BF4B-00C04F79EFBC}") = "Code2Viz.McpBridge", "McpBridge\Code2Viz.McpBridge.csproj", "{93C0660E-8689-4315-B77E-F9B9D79CE7A4}"
EndProject
Project("{2150E333-8FDC-42A3-9474-1A3956D46DE8}") = "McpServer", "McpServer", "{0A92092F-6B71-E0FF-2D97-BF8DA9523FB3}"
EndProject
Project("{FAE04EC0-301F-11D3-BF4B-00C04F79EFBC}") = "Code2Viz.McpServer", "McpServer\Code2Viz.McpServer.csproj", "{B73E0B80-FC3D-445C-96C6-909AC1D4692F}"
EndProject
Project("{2150E333-8FDC-42A3-9474-1A3956D46DE8}") = "C2VGeometry", "C2VGeometry", "{E4F8A234-1234-4567-8901-ABCDEF123456}"
EndProject
Project("{2150E333-8FDC-42A3-9474-1A3956D46DE8}") = "Solution Items", "Solution Items", "{6F81455B-D4B5-4B9E-824A-C8E0E7DF68EB}"
	ProjectSection(SolutionItems) = preProject
		IntellisenseRequirements.md = IntellisenseRequirements.md
	EndProjectSection
EndProject
Global
	GlobalSection(SolutionConfigurationPlatforms) = preSolution
		Debug|Any CPU = Debug|Any CPU
		Debug|x64 = Debug|x64
		Debug|x86 = Debug|x86
		Release|Any CPU = Release|Any CPU
		Release|x64 = Release|x64
		Release|x86 = Release|x86
	EndGlobalSection
	GlobalSection(ProjectConfigurationPlatforms) = postSolution
		{1426BC82-C102-4512-97BD-945450820ADF}.Debug|Any CPU.ActiveCfg = Debug|Any CPU
		{1426BC82-C102-4512-97BD-945450820ADF}.Debug|Any CPU.Build.0 = Debug|Any CPU
		{1426BC82-C102-4512-97BD-945450820ADF}.Debug|x64.ActiveCfg = Debug|Any CPU
		{1426BC82-C102-4512-97BD-945450820ADF}.Debug|x64.Build.0 = Debug|Any CPU
		{1426BC82-C102-4512-97BD-945450820ADF}.Debug|x86.ActiveCfg = Debug|Any CPU
		{1426BC82-C102-4512-97BD-945450820ADF}.Debug|x86.Build.0 = Debug|Any CPU
		{1426BC82-C102-4512-97BD-945450820ADF}.Release|Any CPU.ActiveCfg = Release|Any CPU
		{1426BC82-C102-4512-97BD-945450820ADF}.Release|Any CPU.Build.0 = Release|Any CPU
		{1426BC82-C102-4512-97BD-945450820ADF}.Release|x64.ActiveCfg = Release|Any CPU
		{1426BC82-C102-4512-97BD-945450820ADF}.Release|x64.Build.0 = Release|Any CPU
		{1426BC82-C102-4512-97BD-945450820ADF}.Release|x86.ActiveCfg = Release|Any CPU
		{1426BC82-C102-4512-97BD-945450820ADF}.Release|x86.Build.0 = Release|Any CPU
		{018E6724-787F-4C08-8038-82921B9FB8FF}.Debug|Any CPU.ActiveCfg = Debug|Any CPU
		{018E6724-787F-4C08-8038-82921B9FB8FF}.Debug|Any CPU.Build.0 = Debug|Any CPU
		{018E6724-787F-4C08-8038-82921B9FB8FF}.Debug|x64.ActiveCfg = Debug|Any CPU
		{018E6724-787F-4C08-8038-82921B9FB8FF}.Debug|x64.Build.0 = Debug|Any CPU
		{018E6724-787F-4C08-8038-82921B9FB8FF}.Debug|x86.ActiveCfg = Debug|Any CPU
		{018E6724-787F-4C08-8038-82921B9FB8FF}.Debug|x86.Build.0 = Debug|Any CPU
		{018E6724-787F-4C08-8038-82921B9FB8FF}.Release|Any CPU.ActiveCfg = Release|Any CPU
		{018E6724-787F-4C08-8038-82921B9FB8FF}.Release|Any CPU.Build.0 = Release|Any CPU
		{018E6724-787F-4C08-8038-82921B9FB8FF}.Release|x64.ActiveCfg = Release|Any CPU
		{018E6724-787F-4C08-8038-82921B9FB8FF}.Release|x64.Build.0 = Release|Any CPU
		{018E6724-787F-4C08-8038-82921B9FB8FF}.Release|x86.ActiveCfg = Release|Any CPU
		{018E6724-787F-4C08-8038-82921B9FB8FF}.Release|x86.Build.0 = Release|Any CPU
		{93C0660E-8689-4315-B77E-F9B9D79CE7A4}.Debug|Any CPU.ActiveCfg = Debug|Any CPU
		{93C0660E-8689-4315-B77E-F9B9D79CE7A4}.Debug|Any CPU.Build.0 = Debug|Any CPU
		{93C0660E-8689-4315-B77E-F9B9D79CE7A4}.Debug|x64.ActiveCfg = Debug|Any CPU
		{93C0660E-8689-4315-B77E-F9B9D79CE7A4}.Debug|x64.Build.0 = Debug|Any CPU
		{93C0660E-8689-4315-B77E-F9B9D79CE7A4}.Debug|x86.ActiveCfg = Debug|Any CPU
		{93C0660E-8689-4315-B77E-F9B9D79CE7A4}.Debug|x86.Build.0 = Debug|Any CPU
		{93C0660E-8689-4315-B77E-F9B9D79CE7A4}.Release|Any CPU.ActiveCfg = Release|Any CPU
		{93C0660E-8689-4315-B77E-F9B9D79CE7A4}.Release|Any CPU.Build.0 = Release|Any CPU
		{93C0660E-8689-4315-B77E-F9B9D79CE7A4}.Release|x64.ActiveCfg = Release|Any CPU
		{93C0660E-8689-4315-B77E-F9B9D79CE7A4}.Release|x64.Build.0 = Release|Any CPU
		{93C0660E-8689-4315-B77E-F9B9D79CE7A4}.Release|x86.ActiveCfg = Release|Any CPU
		{93C0660E-8689-4315-B77E-F9B9D79CE7A4}.Release|x86.Build.0 = Release|Any CPU
		{B73E0B80-FC3D-445C-96C6-909AC1D4692F}.Debug|Any CPU.ActiveCfg = Debug|Any CPU
		{B73E0B80-FC3D-445C-96C6-909AC1D4692F}.Debug|Any CPU.Build.0 = Debug|Any CPU
		{B73E0B80-FC3D-445C-96C6-909AC1D4692F}.Debug|x64.ActiveCfg = Debug|Any CPU
		{B73E0B80-FC3D-445C-96C6-909AC1D4692F}.Debug|x64.Build.0 = Debug|Any CPU
		{B73E0B80-FC3D-445C-96C6-909AC1D4692F}.Debug|x86.ActiveCfg = Debug|Any CPU
		{B73E0B80-FC3D-445C-96C6-909AC1D4692F}.Debug|x86.Build.0 = Debug|Any CPU
		{B73E0B80-FC3D-445C-96C6-909AC1D4692F}.Release|Any CPU.ActiveCfg = Release|Any CPU
		{B73E0B80-FC3D-445C-96C6-909AC1D4692F}.Release|Any CPU.Build.0 = Release|Any CPU
		{B73E0B80-FC3D-445C-96C6-909AC1D4692F}.Release|x64.ActiveCfg = Release|Any CPU
		{B73E0B80-FC3D-445C-96C6-909AC1D4692F}.Release|x64.Build.0 = Release|Any CPU
		{B73E0B80-FC3D-445C-96C6-909AC1D4692F}.Release|x86.ActiveCfg = Release|Any CPU
		{B73E0B80-FC3D-445C-96C6-909AC1D4692F}.Release|x86.Build.0 = Release|Any CPU
	EndGlobalSection
	GlobalSection(SolutionProperties) = preSolution
		HideSolutionNode = FALSE
	EndGlobalSection
	GlobalSection(NestedProjects) = preSolution
		{018E6724-787F-4C08-8038-82921B9FB8FF} = {0AB3BF05-4346-4AA6-1389-037BE0695223}
		{93C0660E-8689-4315-B77E-F9B9D79CE7A4} = {3861D467-8B36-2FFC-A326-58D9B70AD16E}
		{B73E0B80-FC3D-445C-96C6-909AC1D4692F} = {0A92092F-6B71-E0FF-2D97-BF8DA9523FB3}
	EndGlobalSection
	GlobalSection(ExtensibilityGlobals) = postSolution
		SolutionGuid = {7714B506-47DB-468B-B9FF-1118668B13DE}
	EndGlobalSection
EndGlobal
